
Microsoft Visual Studio Solution File, Format Version 12.00
# Visual Studio Version 17
VisualStudioVersion = 17.10.35027.167
MinimumVisualStudioVersion = 10.0.40219.1
Project("{9A19103F-16F7-4668-BE54-9A1E7A4F7556}") = "Ch04Ex02PrimeFactorsApp", "Ch04Ex02PrimeFactorsApp\Ch04Ex02PrimeFactorsApp.csproj", "{870473BA-D56D-4A86-9CDB-9BB57A44EE30}"
EndProject
Project("{9A19103F-16F7-4668-BE54-9A1E7A4F7556}") = "Ch04Ex02PrimeFactorsLib", "Ch04Ex02PrimeFactorsLib\Ch04Ex02PrimeFactorsLib.csproj", "{59B0F803-4383-499D-8230-CBDB12DAC47B}"
EndProject
Project("{9A19103F-16F7-4668-BE54-9A1E7A4F7556}") = "Ch04Ex02PrimeFactorsTests", "Ch04Ex02PrimeFactorsTests\Ch04Ex02PrimeFactorsTests.csproj", "{ECA5207F-FFE9-4F30-B6F6-BFDD9006E615}"
EndProject
Global
	GlobalSection(SolutionConfigurationPlatforms) = preSolution
		Debug|Any CPU = Debug|Any CPU
		Release|Any CPU = Release|Any CPU
	EndGlobalSection
	GlobalSection(ProjectConfigurationPlatforms) = postSolution
		{870473BA-D56D-4A86-9CDB-9BB57A44EE30}.Debug|Any CPU.ActiveCfg = Debug|Any CPU
		{870473BA-D56D-4A86-9CDB-9BB57A44EE30}.Debug|Any CPU.Build.0 = Debug|Any CPU
		{870473BA-D56D-4A86-9CDB-9BB57A44EE30}.Release|Any CPU.ActiveCfg = Release|Any CPU
		{870473BA-D56D-4A86-9CDB-9BB57A44EE30}.Release|Any CPU.Build.0 = Release|Any CPU
		{59B0F803-4383-499D-8230-CBDB12DAC47B}.Debug|Any CPU.ActiveCfg = Debug|Any CPU
		{59B0F803-4383-499D-8230-CBDB12DAC47B}.Debug|Any CPU.Build.0 = Debug|Any CPU
		{59B0F803-4383-499D-8230-CBDB12DAC47B}.Release|Any CPU.ActiveCfg = Release|Any CPU
		{59B0F803-4383-499D-8230-CBDB12DAC47B}.Release|Any CPU.Build.0 = Release|Any CPU
		{ECA5207F-FFE9-4F30-B6F6-BFDD9006E615}.Debug|Any CPU.ActiveCfg = Debug|Any CPU
		{ECA5207F-FFE9-4F30-B6F6-BFDD9006E615}.Debug|Any CPU.Build.0 = Debug|Any CPU
		{ECA5207F-FFE9-4F30-B6F6-BFDD9006E615}.Release|Any CPU.ActiveCfg = Release|Any CPU
		{ECA5207F-FFE9-4F30-B6F6-BFDD9006E615}.Release|Any CPU.Build.0 = Release|Any CPU
	EndGlobalSection
	GlobalSection(SolutionProperties) = preSolution
		HideSolutionNode = FALSE
	EndGlobalSection
	GlobalSection(ExtensibilityGlobals) = postSolution
		SolutionGuid = {E74C28B9-1524-43E6-B71C-F2B7D8CFCFBF}
	EndGlobalSection
EndGlobal
